
Microsoft Visual Studio Solution File, Format Version 12.00
# Visual Studio 14
VisualStudioVersion = 14.0.25420.1
MinimumVisualStudioVersion = 10.0.40219.1
Project("{8BC9CEB8-8B4A-11D0-8D11-00A0C91BC942}") = "Lokomotywa", "Lokomotywa\Lokomotywa.vcxproj", "{8838D2AB-BA36-4C7F-9047-E6691F68A6C9}"
EndProject
Project("{6141683F-8A12-4E36-9623-2EB02B2C2303}") = "LokomotywaInstaller", "LokomotywaInstaller\LokomotywaInstaller.isproj", "{E62CD34F-A5CA-4079-AB0F-A38AF76C041C}"
	ProjectSection(ProjectDependencies) = postProject
		{8838D2AB-BA36-4C7F-9047-E6691F68A6C9} = {8838D2AB-BA36-4C7F-9047-E6691F68A6C9}
	EndProjectSection
EndProject
Global
	GlobalSection(SolutionConfigurationPlatforms) = preSolution
		CD_ROM|x64 = CD_ROM|x64
		CD_ROM|x86 = CD_ROM|x86
		Debug|x64 = Debug|x64
		Debug|x86 = Debug|x86
		DVD-5|x64 = DVD-5|x64
		DVD-5|x86 = DVD-5|x86
		Release|x64 = Release|x64
		Release|x86 = Release|x86
		SingleImage|x64 = SingleImage|x64
		SingleImage|x86 = SingleImage|x86
	EndGlobalSection
	GlobalSection(ProjectConfigurationPlatforms) = postSolution
		{8838D2AB-BA36-4C7F-9047-E6691F68A6C9}.CD_ROM|x64.ActiveCfg = Release|x64
		{8838D2AB-BA36-4C7F-9047-E6691F68A6C9}.CD_ROM|x64.Build.0 = Release|x64
		{8838D2AB-BA36-4C7F-9047-E6691F68A6C9}.CD_ROM|x86.ActiveCfg = Release|Win32
		{8838D2AB-BA36-4C7F-9047-E6691F68A6C9}.CD_ROM|x86.Build.0 = Release|Win32
		{8838D2AB-BA36-4C7F-9047-E6691F68A6C9}.Debug|x64.ActiveCfg = Debug|x64
		{8838D2AB-BA36-4C7F-9047-E6691F68A6C9}.Debug|x64.Build.0 = Debug|x64
		{8838D2AB-BA36-4C7F-9047-E6691F68A6C9}.Debug|x86.ActiveCfg = Release|Win32
		{8838D2AB-BA36-4C7F-9047-E6691F68A6C9}.Debug|x86.Build.0 = Release|Win32
		{8838D2AB-BA36-4C7F-9047-E6691F68A6C9}.DVD-5|x64.ActiveCfg = Debug|x64
		{8838D2AB-BA36-4C7F-9047-E6691F68A6C9}.DVD-5|x64.Build.0 = Debug|x64
		{8838D2AB-BA36-4C7F-9047-E6691F68A6C9}.DVD-5|x86.ActiveCfg = Debug|Win32
		{8838D2AB-BA36-4C7F-9047-E6691F68A6C9}.DVD-5|x86.Build.0 = Debug|Win32
		{8838D2AB-BA36-4C7F-9047-E6691F68A6C9}.Release|x64.ActiveCfg = Release|x64
		{8838D2AB-BA36-4C7F-9047-E6691F68A6C9}.Release|x64.Build.0 = Release|x64
		{8838D2AB-BA36-4C7F-9047-E6691F68A6C9}.Release|x86.ActiveCfg = Release|Win32
		{8838D2AB-BA36-4C7F-9047-E6691F68A6C9}.Release|x86.Build.0 = Release|Win32
		{8838D2AB-BA36-4C7F-9047-E6691F68A6C9}.SingleImage|x64.ActiveCfg = Release|x64
		{8838D2AB-BA36-4C7F-9047-E6691F68A6C9}.SingleImage|x64.Build.0 = Release|x64
		{8838D2AB-BA36-4C7F-9047-E6691F68A6C9}.SingleImage|x86.ActiveCfg = Release|Win32
		{8838D2AB-BA36-4C7F-9047-E6691F68A6C9}.SingleImage|x86.Build.0 = Release|Win32
		{E62CD34F-A5CA-4079-AB0F-A38AF76C041C}.CD_ROM|x64.ActiveCfg = CD_ROM
		{E62CD34F-A5CA-4079-AB0F-A38AF76C041C}.CD_ROM|x64.Build.0 = CD_ROM
		{E62CD34F-A5CA-4079-AB0F-A38AF76C041C}.CD_ROM|x86.ActiveCfg = CD_ROM
		{E62CD34F-A5CA-4079-AB0F-A38AF76C041C}.CD_ROM|x86.Build.0 = CD_ROM
		{E62CD34F-A5CA-4079-AB0F-A38AF76C041C}.Debug|x64.ActiveCfg = DVD-5
		{E62CD34F-A5CA-4079-AB0F-A38AF76C041C}.Debug|x64.Build.0 = DVD-5
		{E62CD34F-A5CA-4079-AB0F-A38AF76C041C}.Debug|x86.ActiveCfg = DVD-5
		{E62CD34F-A5CA-4079-AB0F-A38AF76C041C}.Debug|x86.Build.0 = DVD-5
		{E62CD34F-A5CA-4079-AB0F-A38AF76C041C}.DVD-5|x64.ActiveCfg = DVD-5
		{E62CD34F-A5CA-4079-AB0F-A38AF76C041C}.DVD-5|x64.Build.0 = DVD-5
		{E62CD34F-A5CA-4079-AB0F-A38AF76C041C}.DVD-5|x86.ActiveCfg = DVD-5
		{E62CD34F-A5CA-4079-AB0F-A38AF76C041C}.DVD-5|x86.Build.0 = DVD-5
		{E62CD34F-A5CA-4079-AB0F-A38AF76C041C}.Release|x64.ActiveCfg = SingleImage
		{E62CD34F-A5CA-4079-AB0F-A38AF76C041C}.Release|x64.Build.0 = SingleImage
		{E62CD34F-A5CA-4079-AB0F-A38AF76C041C}.Release|x86.ActiveCfg = SingleImage
		{E62CD34F-A5CA-4079-AB0F-A38AF76C041C}.Release|x86.Build.0 = SingleImage
		{E62CD34F-A5CA-4079-AB0F-A38AF76C041C}.SingleImage|x64.ActiveCfg = SingleImage
		{E62CD34F-A5CA-4079-AB0F-A38AF76C041C}.SingleImage|x64.Build.0 = SingleImage
		{E62CD34F-A5CA-4079-AB0F-A38AF76C041C}.SingleImage|x86.ActiveCfg = SingleImage
		{E62CD34F-A5CA-4079-AB0F-A38AF76C041C}.SingleImage|x86.Build.0 = SingleImage
	EndGlobalSection
	GlobalSection(SolutionProperties) = preSolution
		HideSolutionNode = FALSE
	EndGlobalSection
EndGlobal
